# This file is autogenerated, do not edit; changes may be undone by the next 'dep ensure'.


[[projects]]
  branch = "master"
  name = "github.com/golang/glog"
  packages = ["."]
  revision = "23def4e6c14b4da8ac2ed8007337bc5eb5007998"

[[projects]]
  name = "github.com/pkg/errors"
  packages = ["."]
  revision = "645ef00459ed84a119197bfb8d8205042c6df63d"
  version = "v0.8.0"

[[projects]]
  name = "github.com/unidoc/unidoc"
  packages = ["common","license","pdf"]
  revision = "06c4206fc257364ba1b7f22e738f9b1ec4c18494"
  version = "v1.1.0"

[[projects]]
  branch = "master"
  name = "golang.org/x/net"
  packages = ["context","context/ctxhttp"]
  revision = "859d1a86bb617c0c20d154590c3c5d3fcb670b07"

[solve-meta]
  analyzer-name = "dep"
  analyzer-version = 1
  inputs-digest = "9762485e4d2de82ddb40e4c665315fdcba914a5ceb25971913aeedb53f6f36c3"
  solver-name = "gps-cdcl"
  solver-version = 1
